// !$*UTF8*$!
{
	archiveVersion = 1;
	classes = {
	};
	objectVersion = 56;
	objects = {

/* Begin PBXBuildFile section */
		517821FB2B03EBA30050E790 /* AppDelegate.swift in Sources */ = {isa = PBXBuildFile; fileRef = 517821FA2B03EBA30050E790 /* AppDelegate.swift */; };
		517821FD2B03EBA30050E790 /* SceneDelegate.swift in Sources */ = {isa = PBXBuildFile; fileRef = 517821FC2B03EBA30050E790 /* SceneDelegate.swift */; };
		517822022B03EBA30050E790 /* Main.storyboard in Resources */ = {isa = PBXBuildFile; fileRef = 517822002B03EBA30050E790 /* Main.storyboard */; };
		517822042B03EBA40050E790 /* Assets.xcassets in Resources */ = {isa = PBXBuildFile; fileRef = 517822032B03EBA40050E790 /* Assets.xcassets */; };
		517822072B03EBA40050E790 /* LaunchScreen.storyboard in Resources */ = {isa = PBXBuildFile; fileRef = 517822052B03EBA40050E790 /* LaunchScreen.storyboard */; };
		5178220F2B03ECAE0050E790 /* NetworkingManager.swift in Sources */ = {isa = PBXBuildFile; fileRef = 5178220E2B03ECAE0050E790 /* NetworkingManager.swift */; };
		517822112B03EE8E0050E790 /* PokemonViewCell.swift in Sources */ = {isa = PBXBuildFile; fileRef = 517822102B03EE8E0050E790 /* PokemonViewCell.swift */; };
		517822132B03F0130050E790 /* PokemonListViewController.swift in Sources */ = {isa = PBXBuildFile; fileRef = 517822122B03F0130050E790 /* PokemonListViewController.swift */; };
		517822152B03F11C0050E790 /* Pokemon.swift in Sources */ = {isa = PBXBuildFile; fileRef = 517822142B03F11C0050E790 /* Pokemon.swift */; };
		51FFC6DC2B08FFEA006EC456 /* Alamofire in Frameworks */ = {isa = PBXBuildFile; productRef = 51FFC6DB2B08FFEA006EC456 /* Alamofire */; };
/* End PBXBuildFile section */

/* Begin PBXFileReference section */
		517821F72B03EBA30050E790 /* NetworkingApplication.app */ = {isa = PBXFileReference; explicitFileType = wrapper.application; includeInIndex = 0; path = NetworkingApplication.app; sourceTree = BUILT_PRODUCTS_DIR; };
		517821FA2B03EBA30050E790 /* AppDelegate.swift */ = {isa = PBXFileReference; lastKnownFileType = sourcecode.swift; path = AppDelegate.swift; sourceTree = "<group>"; };
		517821FC2B03EBA30050E790 /* SceneDelegate.swift */ = {isa = PBXFileReference; lastKnownFileType = sourcecode.swift; path = SceneDelegate.swift; sourceTree = "<group>"; };
		517822012B03EBA30050E790 /* Base */ = {isa = PBXFileReference; lastKnownFileType = file.storyboard; name = Base; path = Base.lproj/Main.storyboard; sourceTree = "<group>"; };
		517822032B03EBA40050E790 /* Assets.xcassets */ = {isa = PBXFileReference; lastKnownFileType = folder.assetcatalog; path = Assets.xcassets; sourceTree = "<group>"; };
		517822062B03EBA40050E790 /* Base */ = {isa = PBXFileReference; lastKnownFileType = file.storyboard; name = Base; path = Base.lproj/LaunchScreen.storyboard; sourceTree = "<group>"; };
		517822082B03EBA40050E790 /* Info.plist */ = {isa = PBXFileReference; lastKnownFileType = text.plist.xml; path = Info.plist; sourceTree = "<group>"; };
		5178220E2B03ECAE0050E790 /* NetworkingManager.swift */ = {isa = PBXFileReference; lastKnownFileType = sourcecode.swift; path = NetworkingManager.swift; sourceTree = "<group>"; };
		517822102B03EE8E0050E790 /* PokemonViewCell.swift */ = {isa = PBXFileReference; lastKnownFileType = sourcecode.swift; path = PokemonViewCell.swift; sourceTree = "<group>"; };
		517822122B03F0130050E790 /* PokemonListViewController.swift */ = {isa = PBXFileReference; lastKnownFileType = sourcecode.swift; path = PokemonListViewController.swift; sourceTree = "<group>"; };
		517822142B03F11C0050E790 /* Pokemon.swift */ = {isa = PBXFileReference; lastKnownFileType = sourcecode.swift; path = Pokemon.swift; sourceTree = "<group>"; };
/* End PBXFileReference section */

/* Begin PBXFrameworksBuildPhase section */
		517821F42B03EBA30050E790 /* Frameworks */ = {
			isa = PBXFrameworksBuildPhase;
			buildActionMask = 2147483647;
			files = (
				51FFC6DC2B08FFEA006EC456 /* Alamofire in Frameworks */,
			);
			runOnlyForDeploymentPostprocessing = 0;
		};
/* End PBXFrameworksBuildPhase section */

/* Begin PBXGroup section */
		5164EB302B0518450078C40E /* Services */ = {
			isa = PBXGroup;
			children = (
				5178220E2B03ECAE0050E790 /* NetworkingManager.swift */,
			);
			path = Services;
			sourceTree = "<group>";
		};
		5164EB312B0518610078C40E /* App */ = {
			isa = PBXGroup;
			children = (
				517821FA2B03EBA30050E790 /* AppDelegate.swift */,
				517821FC2B03EBA30050E790 /* SceneDelegate.swift */,
				517822082B03EBA40050E790 /* Info.plist */,
			);
			path = App;
			sourceTree = "<group>";
		};
		5164EB322B05186D0078C40E /* Storyboards */ = {
			isa = PBXGroup;
			children = (
				517822002B03EBA30050E790 /* Main.storyboard */,
				517822052B03EBA40050E790 /* LaunchScreen.storyboard */,
			);
			path = Storyboards;
			sourceTree = "<group>";
		};
		5164EB332B05187B0078C40E /* Model */ = {
			isa = PBXGroup;
			children = (
				517822142B03F11C0050E790 /* Pokemon.swift */,
			);
			path = Model;
			sourceTree = "<group>";
		};
		5164EB342B0518810078C40E /* ViewControllers */ = {
			isa = PBXGroup;
			children = (
				517822122B03F0130050E790 /* PokemonListViewController.swift */,
			);
			path = ViewControllers;
			sourceTree = "<group>";
		};
		5164EB352B05188A0078C40E /* Views */ = {
			isa = PBXGroup;
			children = (
				517822102B03EE8E0050E790 /* PokemonViewCell.swift */,
			);
			path = Views;
			sourceTree = "<group>";
		};
		5164EB362B0518910078C40E /* Resources */ = {
			isa = PBXGroup;
			children = (
				517822032B03EBA40050E790 /* Assets.xcassets */,
			);
			path = Resources;
			sourceTree = "<group>";
		};
		517821EE2B03EBA30050E790 = {
			isa = PBXGroup;
			children = (
				517821F92B03EBA30050E790 /* NetworkingApplication */,
				517821F82B03EBA30050E790 /* Products */,
			);
			sourceTree = "<group>";
		};
		517821F82B03EBA30050E790 /* Products */ = {
			isa = PBXGroup;
			children = (
				517821F72B03EBA30050E790 /* NetworkingApplication.app */,
			);
			name = Products;
			sourceTree = "<group>";
		};
		517821F92B03EBA30050E790 /* NetworkingApplication */ = {
			isa = PBXGroup;
			children = (
				5164EB312B0518610078C40E /* App */,
				5164EB302B0518450078C40E /* Services */,
				5164EB352B05188A0078C40E /* Views */,
				5164EB342B0518810078C40E /* ViewControllers */,
				5164EB332B05187B0078C40E /* Model */,
				5164EB322B05186D0078C40E /* Storyboards */,
				5164EB362B0518910078C40E /* Resources */,
			);
			path = NetworkingApplication;
			sourceTree = "<group>";
		};
/* End PBXGroup section */

/* Begin PBXNativeTarget section */
		517821F62B03EBA30050E790 /* NetworkingApplication */ = {
			isa = PBXNativeTarget;
			buildConfigurationList = 5178220B2B03EBA40050E790 /* Build configuration list for PBXNativeTarget "NetworkingApplication" */;
			buildPhases = (
				517821F32B03EBA30050E790 /* Sources */,
				517821F42B03EBA30050E790 /* Frameworks */,
				517821F52B03EBA30050E790 /* Resources */,
			);
			buildRules = (
			);
			dependencies = (
			);
			name = NetworkingApplication;
			packageProductDependencies = (
				51FFC6DB2B08FFEA006EC456 /* Alamofire */,
			);
			productName = NetworkingApplication;
			productReference = 517821F72B03EBA30050E790 /* NetworkingApplication.app */;
			productType = "com.apple.product-type.application";
		};
/* End PBXNativeTarget section */

/* Begin PBXProject section */
		517821EF2B03EBA30050E790 /* Project object */ = {
			isa = PBXProject;
			attributes = {
				BuildIndependentTargetsInParallel = 1;
				LastSwiftUpdateCheck = 1500;
				LastUpgradeCheck = 1500;
				TargetAttributes = {
					517821F62B03EBA30050E790 = {
						CreatedOnToolsVersion = 15.0;
					};
				};
			};
			buildConfigurationList = 517821F22B03EBA30050E790 /* Build configuration list for PBXProject "NetworkingApplication" */;
			compatibilityVersion = "Xcode 14.0";
			developmentRegion = en;
			hasScannedForEncodings = 0;
			knownRegions = (
				en,
				Base,
			);
			mainGroup = 517821EE2B03EBA30050E790;
			packageReferences = (
				51FFC6DA2B08FFEA006EC456 /* XCRemoteSwiftPackageReference "Alamofire" */,
			);
			productRefGroup = 517821F82B03EBA30050E790 /* Products */;
			projectDirPath = "";
			projectRoot = "";
			targets = (
				517821F62B03EBA30050E790 /* NetworkingApplication */,
			);
		};
/* End PBXProject section */

/* Begin PBXResourcesBuildPhase section */
		517821F52B03EBA30050E790 /* Resources */ = {
			isa = PBXResourcesBuildPhase;
			buildActionMask = 2147483647;
			files = (
				517822072B03EBA40050E790 /* LaunchScreen.storyboard in Resources */,
				517822042B03EBA40050E790 /* Assets.xcassets in Resources */,
				517822022B03EBA30050E790 /* Main.storyboard in Resources */,
			);
			runOnlyForDeploymentPostprocessing = 0;
		};
/* End PBXResourcesBuildPhase section */

/* Begin PBXSourcesBuildPhase section */
		517821F32B03EBA30050E790 /* Sources */ = {
			isa = PBXSourcesBuildPhase;
			buildActionMask = 2147483647;
			files = (
				517822152B03F11C0050E790 /* Pokemon.swift in Sources */,
				5178220F2B03ECAE0050E790 /* NetworkingManager.swift in Sources */,
				517821FB2B03EBA30050E790 /* AppDelegate.swift in Sources */,
				517821FD2B03EBA30050E790 /* SceneDelegate.swift in Sources */,
				517822132B03F0130050E790 /* PokemonListViewController.swift in Sources */,
				517822112B03EE8E0050E790 /* PokemonViewCell.swift in Sources */,
			);
			runOnlyForDeploymentPostprocessing = 0;
		};
/* End PBXSourcesBuildPhase section */

/* Begin PBXVariantGroup section */
		517822002B03EBA30050E790 /* Main.storyboard */ = {
			isa = PBXVariantGroup;
			children = (
				517822012B03EBA30050E790 /* Base */,
			);
			name = Main.storyboard;
			sourceTree = "<group>";
		};
		517822052B03EBA40050E790 /* LaunchScreen.storyboard */ = {
			isa = PBXVariantGroup;
			children = (
				517822062B03EBA40050E790 /* Base */,
			);
			name = LaunchScreen.storyboard;
			sourceTree = "<group>";
		};
/* End PBXVariantGroup section */

/* Begin XCBuildConfiguration section */
		517822092B03EBA40050E790 /* Debug */ = {
			isa = XCBuildConfiguration;
			buildSettings = {
				ALWAYS_SEARCH_USER_PATHS = NO;
				ASSETCATALOG_COMPILER_GENERATE_SWIFT_ASSET_SYMBOL_EXTENSIONS = YES;
				CLANG_ANALYZER_NONNULL = YES;
				CLANG_ANALYZER_NUMBER_OBJECT_CONVERSION = YES_AGGRESSIVE;
				CLANG_CXX_LANGUAGE_STANDARD = "gnu++20";
				CLANG_ENABLE_MODULES = YES;
				CLANG_ENABLE_OBJC_ARC = YES;
				CLANG_ENABLE_OBJC_WEAK = YES;
				CLANG_WARN_BLOCK_CAPTURE_AUTORELEASING = YES;
				CLANG_WARN_BOOL_CONVERSION = YES;
				CLANG_WARN_COMMA = YES;
				CLANG_WARN_CONSTANT_CONVERSION = YES;
				CLANG_WARN_DEPRECATED_OBJC_IMPLEMENTATIONS = YES;
				CLANG_WARN_DIRECT_OBJC_ISA_USAGE = YES_ERROR;
				CLANG_WARN_DOCUMENTATION_COMMENTS = YES;
				CLANG_WARN_EMPTY_BODY = YES;
				CLANG_WARN_ENUM_CONVERSION = YES;
				CLANG_WARN_INFINITE_RECURSION = YES;
				CLANG_WARN_INT_CONVERSION = YES;
				CLANG_WARN_NON_LITERAL_NULL_CONVERSION = YES;
				CLANG_WARN_OBJC_IMPLICIT_RETAIN_SELF = YES;
				CLANG_WARN_OBJC_LITERAL_CONVERSION = YES;
				CLANG_WARN_OBJC_ROOT_CLASS = YES_ERROR;
				CLANG_WARN_QUOTED_INCLUDE_IN_FRAMEWORK_HEADER = YES;
				CLANG_WARN_RANGE_LOOP_ANALYSIS = YES;
				CLANG_WARN_STRICT_PROTOTYPES = YES;
				CLANG_WARN_SUSPICIOUS_MOVE = YES;
				CLANG_WARN_UNGUARDED_AVAILABILITY = YES_AGGRESSIVE;
				CLANG_WARN_UNREACHABLE_CODE = YES;
				CLANG_WARN__DUPLICATE_METHOD_MATCH = YES;
				COPY_PHASE_STRIP = NO;
				DEBUG_INFORMATION_FORMAT = dwarf;
				ENABLE_STRICT_OBJC_MSGSEND = YES;
				ENABLE_TESTABILITY = YES;
				ENABLE_USER_SCRIPT_SANDBOXING = YES;
				GCC_C_LANGUAGE_STANDARD = gnu17;
				GCC_DYNAMIC_NO_PIC = NO;
				GCC_NO_COMMON_BLOCKS = YES;
				GCC_OPTIMIZATION_LEVEL = 0;
				GCC_PREPROCESSOR_DEFINITIONS = (
					"DEBUG=1",
					"$(inherited)",
				);
				GCC_WARN_64_TO_32_BIT_CONVERSION = YES;
				GCC_WARN_ABOUT_RETURN_TYPE = YES_ERROR;
				GCC_WARN_UNDECLARED_SELECTOR = YES;
				GCC_WARN_UNINITIALIZED_AUTOS = YES_AGGRESSIVE;
				GCC_WARN_UNUSED_FUNCTION = YES;
				GCC_WARN_UNUSED_VARIABLE = YES;
				IPHONEOS_DEPLOYMENT_TARGET = 17.0;
				LOCALIZATION_PREFERS_STRING_CATALOGS = YES;
				MTL_ENABLE_DEBUG_INFO = INCLUDE_SOURCE;
				MTL_FAST_MATH = YES;
				ONLY_ACTIVE_ARCH = YES;
				SDKROOT = iphoneos;
				SWIFT_ACTIVE_COMPILATION_CONDITIONS = "DEBUG $(inherited)";
				SWIFT_OPTIMIZATION_LEVEL = "-Onone";
			};
			name = Debug;
		};
		5178220A2B03EBA40050E790 /* Release */ = {
			isa = XCBuildConfiguration;
			buildSettings = {
				ALWAYS_SEARCH_USER_PATHS = NO;
				ASSETCATALOG_COMPILER_GENERATE_SWIFT_ASSET_SYMBOL_EXTENSIONS = YES;
				CLANG_ANALYZER_NONNULL = YES;
				CLANG_ANALYZER_NUMBER_OBJECT_CONVERSION = YES_AGGRESSIVE;
				CLANG_CXX_LANGUAGE_STANDARD = "gnu++20";
				CLANG_ENABLE_MODULES = YES;
				CLANG_ENABLE_OBJC_ARC = YES;
				CLANG_ENABLE_OBJC_WEAK = YES;
				CLANG_WARN_BLOCK_CAPTURE_AUTORELEASING = YES;
				CLANG_WARN_BOOL_CONVERSION = YES;
				CLANG_WARN_COMMA = YES;
				CLANG_WARN_CONSTANT_CONVERSION = YES;
				CLANG_WARN_DEPRECATED_OBJC_IMPLEMENTATIONS = YES;
				CLANG_WARN_DIRECT_OBJC_ISA_USAGE = YES_ERROR;
				CLANG_WARN_DOCUMENTATION_COMMENTS = YES;
				CLANG_WARN_EMPTY_BODY = YES;
				CLANG_WARN_ENUM_CONVERSION = YES;
				CLANG_WARN_INFINITE_RECURSION = YES;
				CLANG_WARN_INT_CONVERSION = YES;
				CLANG_WARN_NON_LITERAL_NULL_CONVERSION = YES;
				CLANG_WARN_OBJC_IMPLICIT_RETAIN_SELF = YES;
				CLANG_WARN_OBJC_LITERAL_CONVERSION = YES;
				CLANG_WARN_OBJC_ROOT_CLASS = YES_ERROR;
				CLANG_WARN_QUOTED_INCLUDE_IN_FRAMEWORK_HEADER = YES;
				CLANG_WARN_RANGE_LOOP_ANALYSIS = YES;
				CLANG_WARN_STRICT_PROTOTYPES = YES;
				CLANG_WARN_SUSPICIOUS_MOVE = YES;
				CLANG_WARN_UNGUARDED_AVAILABILITY = YES_AGGRESSIVE;
				CLANG_WARN_UNREACHABLE_CODE = YES;
				CLANG_WARN__DUPLICATE_METHOD_MATCH = YES;
				COPY_PHASE_STRIP = NO;
				DEBUG_INFORMATION_FORMAT = "dwarf-with-dsym";
				ENABLE_NS_ASSERTIONS = NO;
				ENABLE_STRICT_OBJC_MSGSEND = YES;
				ENABLE_USER_SCRIPT_SANDBOXING = YES;
				GCC_C_LANGUAGE_STANDARD = gnu17;
				GCC_NO_COMMON_BLOCKS = YES;
				GCC_WARN_64_TO_32_BIT_CONVERSION = YES;
				GCC_WARN_ABOUT_RETURN_TYPE = YES_ERROR;
				GCC_WARN_UNDECLARED_SELECTOR = YES;
				GCC_WARN_UNINITIALIZED_AUTOS = YES_AGGRESSIVE;
				GCC_WARN_UNUSED_FUNCTION = YES;
				GCC_WARN_UNUSED_VARIABLE = YES;
				IPHONEOS_DEPLOYMENT_TARGET = 17.0;
				LOCALIZATION_PREFERS_STRING_CATALOGS = YES;
				MTL_ENABLE_DEBUG_INFO = NO;
				MTL_FAST_MATH = YES;
				SDKROOT = iphoneos;
				SWIFT_COMPILATION_MODE = wholemodule;
				VALIDATE_PRODUCT = YES;
			};
			name = Release;
		};
		5178220C2B03EBA40050E790 /* Debug */ = {
			isa = XCBuildConfiguration;
			buildSettings = {
				ASSETCATALOG_COMPILER_APPICON_NAME = AppIcon;
				ASSETCATALOG_COMPILER_GLOBAL_ACCENT_COLOR_NAME = AccentColor;
				CODE_SIGN_STYLE = Automatic;
				CURRENT_PROJECT_VERSION = 1;
				DEVELOPMENT_TEAM = JB5FMNJGAE;
				GENERATE_INFOPLIST_FILE = YES;
				INFOPLIST_FILE = NetworkingApplication/App/Info.plist;
				INFOPLIST_KEY_UIApplicationSupportsIndirectInputEvents = YES;
				INFOPLIST_KEY_UILaunchStoryboardName = LaunchScreen;
				INFOPLIST_KEY_UIMainStoryboardFile = Main;
				INFOPLIST_KEY_UISupportedInterfaceOrientations = UIInterfaceOrientationPortrait;
				INFOPLIST_KEY_UISupportedInterfaceOrientations_iPad = "UIInterfaceOrientationLandscapeLeft UIInterfaceOrientationLandscapeRight UIInterfaceOrientationPortrait UIInterfaceOrientationPortraitUpsideDown";
				IPHONEOS_DEPLOYMENT_TARGET = 15.0;
				LD_RUNPATH_SEARCH_PATHS = (
					"$(inherited)",
					"@executable_path/Frameworks",
				);
				MARKETING_VERSION = 1.0;
				PRODUCT_BUNDLE_IDENTIFIER = NickolaiGrachev.NetworkingApplication;
				PRODUCT_NAME = "$(TARGET_NAME)";
				SUPPORTED_PLATFORMS = "iphoneos iphonesimulator";
				SUPPORTS_MACCATALYST = NO;
				SUPPORTS_MAC_DESIGNED_FOR_IPHONE_IPAD = NO;
				SWIFT_EMIT_LOC_STRINGS = YES;
				SWIFT_VERSION = 5.0;
				TARGETED_DEVICE_FAMILY = 1;
			};
			name = Debug;
		};
		5178220D2B03EBA40050E790 /* Release */ = {
			isa = XCBuildConfiguration;
			buildSettings = {
				ASSETCATALOG_COMPILER_APPICON_NAME = AppIcon;
				ASSETCATALOG_COMPILER_GLOBAL_ACCENT_COLOR_NAME = AccentColor;
				CODE_SIGN_STYLE = Automatic;
				CURRENT_PROJECT_VERSION = 1;
				DEVELOPMENT_TEAM = JB5FMNJGAE;
				GENERATE_INFOPLIST_FILE = YES;
				INFOPLIST_FILE = NetworkingApplication/App/Info.plist;
				INFOPLIST_KEY_UIApplicationSupportsIndirectInputEvents = YES;
				INFOPLIST_KEY_UILaunchStoryboardName = LaunchScreen;
				INFOPLIST_KEY_UIMainStoryboardFile = Main;
				INFOPLIST_KEY_UISupportedInterfaceOrientations = UIInterfaceOrientationPortrait;
				INFOPLIST_KEY_UISupportedInterfaceOrientations_iPad = "UIInterfaceOrientationLandscapeLeft UIInterfaceOrientationLandscapeRight UIInterfaceOrientationPortrait UIInterfaceOrientationPortraitUpsideDown";
				IPHONEOS_DEPLOYMENT_TARGET = 15.0;
				LD_RUNPATH_SEARCH_PATHS = (
					"$(inherited)",
					"@executable_path/Frameworks",
				);
				MARKETING_VERSION = 1.0;
				PRODUCT_BUNDLE_IDENTIFIER = NickolaiGrachev.NetworkingApplication;
				PRODUCT_NAME = "$(TARGET_NAME)";
				SUPPORTED_PLATFORMS = "iphoneos iphonesimulator";
				SUPPORTS_MACCATALYST = NO;
				SUPPORTS_MAC_DESIGNED_FOR_IPHONE_IPAD = NO;
				SWIFT_EMIT_LOC_STRINGS = YES;
				SWIFT_VERSION = 5.0;
				TARGETED_DEVICE_FAMILY = 1;
			};
			name = Release;
		};
/* End XCBuildConfiguration section */

/* Begin XCConfigurationList section */
		517821F22B03EBA30050E790 /* Build configuration list for PBXProject "NetworkingApplication" */ = {
			isa = XCConfigurationList;
			buildConfigurations = (
				517822092B03EBA40050E790 /* Debug */,
				5178220A2B03EBA40050E790 /* Release */,
			);
			defaultConfigurationIsVisible = 0;
			defaultConfigurationName = Release;
		};
		5178220B2B03EBA40050E790 /* Build configuration list for PBXNativeTarget "NetworkingApplication" */ = {
			isa = XCConfigurationList;
			buildConfigurations = (
				5178220C2B03EBA40050E790 /* Debug */,
				5178220D2B03EBA40050E790 /* Release */,
			);
			defaultConfigurationIsVisible = 0;
			defaultConfigurationName = Release;
		};
/* End XCConfigurationList section */

/* Begin XCRemoteSwiftPackageReference section */
		51FFC6DA2B08FFEA006EC456 /* XCRemoteSwiftPackageReference "Alamofire" */ = {
			isa = XCRemoteSwiftPackageReference;
			repositoryURL = "https://github.com/Alamofire/Alamofire.git";
			requirement = {
				kind = upToNextMajorVersion;
				minimumVersion = 5.8.1;
			};
		};
/* End XCRemoteSwiftPackageReference section */

/* Begin XCSwiftPackageProductDependency section */
		51FFC6DB2B08FFEA006EC456 /* Alamofire */ = {
			isa = XCSwiftPackageProductDependency;
			package = 51FFC6DA2B08FFEA006EC456 /* XCRemoteSwiftPackageReference "Alamofire" */;
			productName = Alamofire;
		};
/* End XCSwiftPackageProductDependency section */
	};
	rootObject = 517821EF2B03EBA30050E790 /* Project object */;
}
